
Microsoft Visual Studio Solution File, Format Version 12.00
# Visual Studio 15
VisualStudioVersion = 15.0.27130.2020
MinimumVisualStudioVersion = 10.0.40219.1
Project("{9A19103F-16F7-4668-BE54-9A1E7A4F7556}") = "WebPushDemo", "WebPushDemo\WebPushDemo.csproj", "{581758A8-4118-4AA6-894C-F7B232FAC692}"
EndProject
Global
	GlobalSection(SolutionConfigurationPlatforms) = preSolution
		Debug|Any CPU = Debug|Any CPU
		Release|Any CPU = Release|Any CPU
	EndGlobalSection
	GlobalSection(ProjectConfigurationPlatforms) = postSolution
		{581758A8-4118-4AA6-894C-F7B232FAC692}.Debug|Any CPU.ActiveCfg = Debug|Any CPU
		{581758A8-4118-4AA6-894C-F7B232FAC692}.Debug|Any CPU.Build.0 = Debug|Any CPU
		{581758A8-4118-4AA6-894C-F7B232FAC692}.Release|Any CPU.ActiveCfg = Release|Any CPU
		{581758A8-4118-4AA6-894C-F7B232FAC692}.Release|Any CPU.Build.0 = Release|Any CPU
	EndGlobalSection
	GlobalSection(SolutionProperties) = preSolution
		HideSolutionNode = FALSE
	EndGlobalSection
	GlobalSection(ExtensibilityGlobals) = postSolution
		SolutionGuid = {378D9ECC-9E47-4289-B6A1-32D937FE2C52}
	EndGlobalSection
EndGlobal
